// !$*UTF8*$!
{
	archiveVersion = 1;
	classes = {
	};
	objectVersion = 55;
	objects = {

/* Begin PBXBuildFile section */
		821739FC275026AA00533F50 /* MenuView.swift in Sources */ = {isa = PBXBuildFile; fileRef = 821739FB275026AA00533F50 /* MenuView.swift */; };
		821739FE275026D100533F50 /* SlideOverCard.swift in Sources */ = {isa = PBXBuildFile; fileRef = 821739FD275026D100533F50 /* SlideOverCard.swift */; };
		82173A002750285100533F50 /* Subject.swift in Sources */ = {isa = PBXBuildFile; fileRef = 821739FF2750285100533F50 /* Subject.swift */; };
		82173A04275051E800533F50 /* CalendarMonthHeader.swift in Sources */ = {isa = PBXBuildFile; fileRef = 82173A03275051E800533F50 /* CalendarMonthHeader.swift */; };
		8293623C274F6DC70053F66C /* It_sMoreThanASchedullerApp.swift in Sources */ = {isa = PBXBuildFile; fileRef = 8293623B274F6DC70053F66C /* It_sMoreThanASchedullerApp.swift */; };
		8293623E274F6DC70053F66C /* ContentView.swift in Sources */ = {isa = PBXBuildFile; fileRef = 8293623D274F6DC70053F66C /* ContentView.swift */; };
		82936240274F6DC70053F66C /* Assets.xcassets in Resources */ = {isa = PBXBuildFile; fileRef = 8293623F274F6DC70053F66C /* Assets.xcassets */; };
		82936243274F6DC70053F66C /* Preview Assets.xcassets in Resources */ = {isa = PBXBuildFile; fileRef = 82936242274F6DC70053F66C /* Preview Assets.xcassets */; };
		82B27FE8275E6DAA00EB36E0 /* LoginView.swift in Sources */ = {isa = PBXBuildFile; fileRef = 82B27FE7275E6DAA00EB36E0 /* LoginView.swift */; };
		82B5E26F274FCAE50023F6D2 /* CalendarList.swift in Sources */ = {isa = PBXBuildFile; fileRef = 82B5E26E274FCAE50023F6D2 /* CalendarList.swift */; };
		82B5E271274FCB0F0023F6D2 /* PagerView.swift in Sources */ = {isa = PBXBuildFile; fileRef = 82B5E270274FCB0F0023F6D2 /* PagerView.swift */; };
		82B5E274274FCB420023F6D2 /* CalendarUtils.swift in Sources */ = {isa = PBXBuildFile; fileRef = 82B5E273274FCB420023F6D2 /* CalendarUtils.swift */; };
		82B5E276274FCB640023F6D2 /* CalendarWeekdaySymbol.swift in Sources */ = {isa = PBXBuildFile; fileRef = 82B5E275274FCB640023F6D2 /* CalendarWeekdaySymbol.swift */; };
		82B5E27B274FCBE10023F6D2 /* CalendarMonthView.swift in Sources */ = {isa = PBXBuildFile; fileRef = 82B5E27A274FCBE10023F6D2 /* CalendarMonthView.swift */; };
		82B5E27D274FCBFB0023F6D2 /* CalendarViewDay.swift in Sources */ = {isa = PBXBuildFile; fileRef = 82B5E27C274FCBFB0023F6D2 /* CalendarViewDay.swift */; };
		82B5E280274FCCD40023F6D2 /* CalendarEvent.swift in Sources */ = {isa = PBXBuildFile; fileRef = 82B5E27F274FCCD40023F6D2 /* CalendarEvent.swift */; };
		82B5E282274FCD160023F6D2 /* CalendarMonth.swift in Sources */ = {isa = PBXBuildFile; fileRef = 82B5E281274FCD160023F6D2 /* CalendarMonth.swift */; };
/* End PBXBuildFile section */

/* Begin PBXFileReference section */
		821739FB275026AA00533F50 /* MenuView.swift */ = {isa = PBXFileReference; lastKnownFileType = sourcecode.swift; path = MenuView.swift; sourceTree = "<group>"; };
		821739FD275026D100533F50 /* SlideOverCard.swift */ = {isa = PBXFileReference; lastKnownFileType = sourcecode.swift; path = SlideOverCard.swift; sourceTree = "<group>"; };
		821739FF2750285100533F50 /* Subject.swift */ = {isa = PBXFileReference; lastKnownFileType = sourcecode.swift; path = Subject.swift; sourceTree = "<group>"; };
		82173A03275051E800533F50 /* CalendarMonthHeader.swift */ = {isa = PBXFileReference; lastKnownFileType = sourcecode.swift; path = CalendarMonthHeader.swift; sourceTree = "<group>"; };
		82936238274F6DC70053F66C /* It'sMoreThanAScheduller.app */ = {isa = PBXFileReference; explicitFileType = wrapper.application; includeInIndex = 0; path = "It'sMoreThanAScheduller.app"; sourceTree = BUILT_PRODUCTS_DIR; };
		8293623B274F6DC70053F66C /* It_sMoreThanASchedullerApp.swift */ = {isa = PBXFileReference; lastKnownFileType = sourcecode.swift; path = It_sMoreThanASchedullerApp.swift; sourceTree = "<group>"; };
		8293623D274F6DC70053F66C /* ContentView.swift */ = {isa = PBXFileReference; lastKnownFileType = sourcecode.swift; path = ContentView.swift; sourceTree = "<group>"; };
		8293623F274F6DC70053F66C /* Assets.xcassets */ = {isa = PBXFileReference; lastKnownFileType = folder.assetcatalog; path = Assets.xcassets; sourceTree = "<group>"; };
		82936242274F6DC70053F66C /* Preview Assets.xcassets */ = {isa = PBXFileReference; lastKnownFileType = folder.assetcatalog; path = "Preview Assets.xcassets"; sourceTree = "<group>"; };
		82B27FE7275E6DAA00EB36E0 /* LoginView.swift */ = {isa = PBXFileReference; lastKnownFileType = sourcecode.swift; path = LoginView.swift; sourceTree = "<group>"; };
		82B5E26E274FCAE50023F6D2 /* CalendarList.swift */ = {isa = PBXFileReference; lastKnownFileType = sourcecode.swift; path = CalendarList.swift; sourceTree = "<group>"; };
		82B5E270274FCB0F0023F6D2 /* PagerView.swift */ = {isa = PBXFileReference; lastKnownFileType = sourcecode.swift; path = PagerView.swift; sourceTree = "<group>"; };
		82B5E273274FCB420023F6D2 /* CalendarUtils.swift */ = {isa = PBXFileReference; lastKnownFileType = sourcecode.swift; path = CalendarUtils.swift; sourceTree = "<group>"; };
		82B5E275274FCB640023F6D2 /* CalendarWeekdaySymbol.swift */ = {isa = PBXFileReference; lastKnownFileType = sourcecode.swift; path = CalendarWeekdaySymbol.swift; sourceTree = "<group>"; };
		82B5E27A274FCBE10023F6D2 /* CalendarMonthView.swift */ = {isa = PBXFileReference; lastKnownFileType = sourcecode.swift; path = CalendarMonthView.swift; sourceTree = "<group>"; };
		82B5E27C274FCBFB0023F6D2 /* CalendarViewDay.swift */ = {isa = PBXFileReference; lastKnownFileType = sourcecode.swift; path = CalendarViewDay.swift; sourceTree = "<group>"; };
		82B5E27F274FCCD40023F6D2 /* CalendarEvent.swift */ = {isa = PBXFileReference; lastKnownFileType = sourcecode.swift; path = CalendarEvent.swift; sourceTree = "<group>"; };
		82B5E281274FCD160023F6D2 /* CalendarMonth.swift */ = {isa = PBXFileReference; lastKnownFileType = sourcecode.swift; path = CalendarMonth.swift; sourceTree = "<group>"; };
/* End PBXFileReference section */

/* Begin PBXFrameworksBuildPhase section */
		82936235274F6DC70053F66C /* Frameworks */ = {
			isa = PBXFrameworksBuildPhase;
			buildActionMask = 2147483647;
			files = (
			);
			runOnlyForDeploymentPostprocessing = 0;
		};
/* End PBXFrameworksBuildPhase section */

/* Begin PBXGroup section */
		82173A012750285600533F50 /* Model */ = {
			isa = PBXGroup;
			children = (
				821739FF2750285100533F50 /* Subject.swift */,
			);
			path = Model;
			sourceTree = "<group>";
		};
		82173A022750287400533F50 /* Views */ = {
			isa = PBXGroup;
			children = (
				8293623D274F6DC70053F66C /* ContentView.swift */,
				821739FB275026AA00533F50 /* MenuView.swift */,
				821739FD275026D100533F50 /* SlideOverCard.swift */,
				82B27FE7275E6DAA00EB36E0 /* LoginView.swift */,
			);
			path = Views;
			sourceTree = "<group>";
		};
		8293622F274F6DC70053F66C = {
			isa = PBXGroup;
			children = (
				8293623A274F6DC70053F66C /* It'sMoreThanAScheduller */,
				82936239274F6DC70053F66C /* Products */,
			);
			sourceTree = "<group>";
		};
		82936239274F6DC70053F66C /* Products */ = {
			isa = PBXGroup;
			children = (
				82936238274F6DC70053F66C /* It'sMoreThanAScheduller.app */,
			);
			name = Products;
			sourceTree = "<group>";
		};
		8293623A274F6DC70053F66C /* It'sMoreThanAScheduller */ = {
			isa = PBXGroup;
			children = (
				8293623B274F6DC70053F66C /* It_sMoreThanASchedullerApp.swift */,
				82173A022750287400533F50 /* Views */,
				82173A012750285600533F50 /* Model */,
				82B5E26D274FCA850023F6D2 /* CalendarList */,
				8293623F274F6DC70053F66C /* Assets.xcassets */,
				82936241274F6DC70053F66C /* Preview Content */,
			);
			path = "It'sMoreThanAScheduller";
			sourceTree = "<group>";
		};
		82936241274F6DC70053F66C /* Preview Content */ = {
			isa = PBXGroup;
			children = (
				82936242274F6DC70053F66C /* Preview Assets.xcassets */,
			);
			path = "Preview Content";
			sourceTree = "<group>";
		};
		82B5E26D274FCA850023F6D2 /* CalendarList */ = {
			isa = PBXGroup;
			children = (
				82B5E26E274FCAE50023F6D2 /* CalendarList.swift */,
				82B5E270274FCB0F0023F6D2 /* PagerView.swift */,
				82B5E272274FCB240023F6D2 /* CalendarUtils */,
				82B5E277274FCB8F0023F6D2 /* CalendarViews */,
				82B5E27E274FCC120023F6D2 /* DataStructures */,
			);
			path = CalendarList;
			sourceTree = "<group>";
		};
		82B5E272274FCB240023F6D2 /* CalendarUtils */ = {
			isa = PBXGroup;
			children = (
				82B5E273274FCB420023F6D2 /* CalendarUtils.swift */,
				82B5E275274FCB640023F6D2 /* CalendarWeekdaySymbol.swift */,
			);
			path = CalendarUtils;
			sourceTree = "<group>";
		};
		82B5E277274FCB8F0023F6D2 /* CalendarViews */ = {
			isa = PBXGroup;
			children = (
				82B5E27A274FCBE10023F6D2 /* CalendarMonthView.swift */,
				82B5E27C274FCBFB0023F6D2 /* CalendarViewDay.swift */,
				82173A03275051E800533F50 /* CalendarMonthHeader.swift */,
			);
			path = CalendarViews;
			sourceTree = "<group>";
		};
		82B5E27E274FCC120023F6D2 /* DataStructures */ = {
			isa = PBXGroup;
			children = (
				82B5E27F274FCCD40023F6D2 /* CalendarEvent.swift */,
				82B5E281274FCD160023F6D2 /* CalendarMonth.swift */,
			);
			path = DataStructures;
			sourceTree = "<group>";
		};
/* End PBXGroup section */

/* Begin PBXNativeTarget section */
		82936237274F6DC70053F66C /* It'sMoreThanAScheduller */ = {
			isa = PBXNativeTarget;
			buildConfigurationList = 82936246274F6DC70053F66C /* Build configuration list for PBXNativeTarget "It'sMoreThanAScheduller" */;
			buildPhases = (
				82936234274F6DC70053F66C /* Sources */,
				82936235274F6DC70053F66C /* Frameworks */,
				82936236274F6DC70053F66C /* Resources */,
			);
			buildRules = (
			);
			dependencies = (
			);
			name = "It'sMoreThanAScheduller";
			packageProductDependencies = (
			);
			productName = "It'sMoreThanAScheduller";
			productReference = 82936238274F6DC70053F66C /* It'sMoreThanAScheduller.app */;
			productType = "com.apple.product-type.application";
		};
/* End PBXNativeTarget section */

/* Begin PBXProject section */
		82936230274F6DC70053F66C /* Project object */ = {
			isa = PBXProject;
			attributes = {
				BuildIndependentTargetsInParallel = 1;
				LastSwiftUpdateCheck = 1310;
				LastUpgradeCheck = 1310;
				TargetAttributes = {
					82936237274F6DC70053F66C = {
						CreatedOnToolsVersion = 13.1;
					};
				};
			};
			buildConfigurationList = 82936233274F6DC70053F66C /* Build configuration list for PBXProject "It'sMoreThanAScheduller" */;
			compatibilityVersion = "Xcode 13.0";
			developmentRegion = en;
			hasScannedForEncodings = 0;
			knownRegions = (
				en,
				Base,
			);
			mainGroup = 8293622F274F6DC70053F66C;
			packageReferences = (
			);
			productRefGroup = 82936239274F6DC70053F66C /* Products */;
			projectDirPath = "";
			projectRoot = "";
			targets = (
				82936237274F6DC70053F66C /* It'sMoreThanAScheduller */,
			);
		};
/* End PBXProject section */

/* Begin PBXResourcesBuildPhase section */
		82936236274F6DC70053F66C /* Resources */ = {
			isa = PBXResourcesBuildPhase;
			buildActionMask = 2147483647;
			files = (
				82936243274F6DC70053F66C /* Preview Assets.xcassets in Resources */,
				82936240274F6DC70053F66C /* Assets.xcassets in Resources */,
			);
			runOnlyForDeploymentPostprocessing = 0;
		};
/* End PBXResourcesBuildPhase section */

/* Begin PBXSourcesBuildPhase section */
		82936234274F6DC70053F66C /* Sources */ = {
			isa = PBXSourcesBuildPhase;
			buildActionMask = 2147483647;
			files = (
				82B5E280274FCCD40023F6D2 /* CalendarEvent.swift in Sources */,
				82173A002750285100533F50 /* Subject.swift in Sources */,
				82B5E271274FCB0F0023F6D2 /* PagerView.swift in Sources */,
				82B27FE8275E6DAA00EB36E0 /* LoginView.swift in Sources */,
				8293623E274F6DC70053F66C /* ContentView.swift in Sources */,
				82B5E274274FCB420023F6D2 /* CalendarUtils.swift in Sources */,
				82B5E27D274FCBFB0023F6D2 /* CalendarViewDay.swift in Sources */,
				821739FE275026D100533F50 /* SlideOverCard.swift in Sources */,
				82173A04275051E800533F50 /* CalendarMonthHeader.swift in Sources */,
				8293623C274F6DC70053F66C /* It_sMoreThanASchedullerApp.swift in Sources */,
				82B5E27B274FCBE10023F6D2 /* CalendarMonthView.swift in Sources */,
				821739FC275026AA00533F50 /* MenuView.swift in Sources */,
				82B5E276274FCB640023F6D2 /* CalendarWeekdaySymbol.swift in Sources */,
				82B5E282274FCD160023F6D2 /* CalendarMonth.swift in Sources */,
				82B5E26F274FCAE50023F6D2 /* CalendarList.swift in Sources */,
			);
			runOnlyForDeploymentPostprocessing = 0;
		};
/* End PBXSourcesBuildPhase section */

/* Begin XCBuildConfiguration section */
		82936244274F6DC70053F66C /* Debug */ = {
			isa = XCBuildConfiguration;
			buildSettings = {
				ALWAYS_SEARCH_USER_PATHS = NO;
				CLANG_ANALYZER_NONNULL = YES;
				CLANG_ANALYZER_NUMBER_OBJECT_CONVERSION = YES_AGGRESSIVE;
				CLANG_CXX_LANGUAGE_STANDARD = "gnu++17";
				CLANG_CXX_LIBRARY = "libc++";
				CLANG_ENABLE_MODULES = YES;
				CLANG_ENABLE_OBJC_ARC = YES;
				CLANG_ENABLE_OBJC_WEAK = YES;
				CLANG_WARN_BLOCK_CAPTURE_AUTORELEASING = YES;
				CLANG_WARN_BOOL_CONVERSION = YES;
				CLANG_WARN_COMMA = YES;
				CLANG_WARN_CONSTANT_CONVERSION = YES;
				CLANG_WARN_DEPRECATED_OBJC_IMPLEMENTATIONS = YES;
				CLANG_WARN_DIRECT_OBJC_ISA_USAGE = YES_ERROR;
				CLANG_WARN_DOCUMENTATION_COMMENTS = YES;
				CLANG_WARN_EMPTY_BODY = YES;
				CLANG_WARN_ENUM_CONVERSION = YES;
				CLANG_WARN_INFINITE_RECURSION = YES;
				CLANG_WARN_INT_CONVERSION = YES;
				CLANG_WARN_NON_LITERAL_NULL_CONVERSION = YES;
				CLANG_WARN_OBJC_IMPLICIT_RETAIN_SELF = YES;
				CLANG_WARN_OBJC_LITERAL_CONVERSION = YES;
				CLANG_WARN_OBJC_ROOT_CLASS = YES_ERROR;
				CLANG_WARN_QUOTED_INCLUDE_IN_FRAMEWORK_HEADER = YES;
				CLANG_WARN_RANGE_LOOP_ANALYSIS = YES;
				CLANG_WARN_STRICT_PROTOTYPES = YES;
				CLANG_WARN_SUSPICIOUS_MOVE = YES;
				CLANG_WARN_UNGUARDED_AVAILABILITY = YES_AGGRESSIVE;
				CLANG_WARN_UNREACHABLE_CODE = YES;
				CLANG_WARN__DUPLICATE_METHOD_MATCH = YES;
				COPY_PHASE_STRIP = NO;
				DEBUG_INFORMATION_FORMAT = dwarf;
				ENABLE_STRICT_OBJC_MSGSEND = YES;
				ENABLE_TESTABILITY = YES;
				GCC_C_LANGUAGE_STANDARD = gnu11;
				GCC_DYNAMIC_NO_PIC = NO;
				GCC_NO_COMMON_BLOCKS = YES;
				GCC_OPTIMIZATION_LEVEL = 0;
				GCC_PREPROCESSOR_DEFINITIONS = (
					"DEBUG=1",
					"$(inherited)",
				);
				GCC_WARN_64_TO_32_BIT_CONVERSION = YES;
				GCC_WARN_ABOUT_RETURN_TYPE = YES_ERROR;
				GCC_WARN_UNDECLARED_SELECTOR = YES;
				GCC_WARN_UNINITIALIZED_AUTOS = YES_AGGRESSIVE;
				GCC_WARN_UNUSED_FUNCTION = YES;
				GCC_WARN_UNUSED_VARIABLE = YES;
				IPHONEOS_DEPLOYMENT_TARGET = 15.0;
				MTL_ENABLE_DEBUG_INFO = INCLUDE_SOURCE;
				MTL_FAST_MATH = YES;
				ONLY_ACTIVE_ARCH = YES;
				SDKROOT = iphoneos;
				SWIFT_ACTIVE_COMPILATION_CONDITIONS = DEBUG;
				SWIFT_OPTIMIZATION_LEVEL = "-Onone";
			};
			name = Debug;
		};
		82936245274F6DC70053F66C /* Release */ = {
			isa = XCBuildConfiguration;
			buildSettings = {
				ALWAYS_SEARCH_USER_PATHS = NO;
				CLANG_ANALYZER_NONNULL = YES;
				CLANG_ANALYZER_NUMBER_OBJECT_CONVERSION = YES_AGGRESSIVE;
				CLANG_CXX_LANGUAGE_STANDARD = "gnu++17";
				CLANG_CXX_LIBRARY = "libc++";
				CLANG_ENABLE_MODULES = YES;
				CLANG_ENABLE_OBJC_ARC = YES;
				CLANG_ENABLE_OBJC_WEAK = YES;
				CLANG_WARN_BLOCK_CAPTURE_AUTORELEASING = YES;
				CLANG_WARN_BOOL_CONVERSION = YES;
				CLANG_WARN_COMMA = YES;
				CLANG_WARN_CONSTANT_CONVERSION = YES;
				CLANG_WARN_DEPRECATED_OBJC_IMPLEMENTATIONS = YES;
				CLANG_WARN_DIRECT_OBJC_ISA_USAGE = YES_ERROR;
				CLANG_WARN_DOCUMENTATION_COMMENTS = YES;
				CLANG_WARN_EMPTY_BODY = YES;
				CLANG_WARN_ENUM_CONVERSION = YES;
				CLANG_WARN_INFINITE_RECURSION = YES;
				CLANG_WARN_INT_CONVERSION = YES;
				CLANG_WARN_NON_LITERAL_NULL_CONVERSION = YES;
				CLANG_WARN_OBJC_IMPLICIT_RETAIN_SELF = YES;
				CLANG_WARN_OBJC_LITERAL_CONVERSION = YES;
				CLANG_WARN_OBJC_ROOT_CLASS = YES_ERROR;
				CLANG_WARN_QUOTED_INCLUDE_IN_FRAMEWORK_HEADER = YES;
				CLANG_WARN_RANGE_LOOP_ANALYSIS = YES;
				CLANG_WARN_STRICT_PROTOTYPES = YES;
				CLANG_WARN_SUSPICIOUS_MOVE = YES;
				CLANG_WARN_UNGUARDED_AVAILABILITY = YES_AGGRESSIVE;
				CLANG_WARN_UNREACHABLE_CODE = YES;
				CLANG_WARN__DUPLICATE_METHOD_MATCH = YES;
				COPY_PHASE_STRIP = NO;
				DEBUG_INFORMATION_FORMAT = "dwarf-with-dsym";
				ENABLE_NS_ASSERTIONS = NO;
				ENABLE_STRICT_OBJC_MSGSEND = YES;
				GCC_C_LANGUAGE_STANDARD = gnu11;
				GCC_NO_COMMON_BLOCKS = YES;
				GCC_WARN_64_TO_32_BIT_CONVERSION = YES;
				GCC_WARN_ABOUT_RETURN_TYPE = YES_ERROR;
				GCC_WARN_UNDECLARED_SELECTOR = YES;
				GCC_WARN_UNINITIALIZED_AUTOS = YES_AGGRESSIVE;
				GCC_WARN_UNUSED_FUNCTION = YES;
				GCC_WARN_UNUSED_VARIABLE = YES;
				IPHONEOS_DEPLOYMENT_TARGET = 15.0;
				MTL_ENABLE_DEBUG_INFO = NO;
				MTL_FAST_MATH = YES;
				SDKROOT = iphoneos;
				SWIFT_COMPILATION_MODE = wholemodule;
				SWIFT_OPTIMIZATION_LEVEL = "-O";
				VALIDATE_PRODUCT = YES;
			};
			name = Release;
		};
		82936247274F6DC70053F66C /* Debug */ = {
			isa = XCBuildConfiguration;
			buildSettings = {
				ASSETCATALOG_COMPILER_APPICON_NAME = AppIcon;
				ASSETCATALOG_COMPILER_GLOBAL_ACCENT_COLOR_NAME = AccentColor;
				CODE_SIGN_STYLE = Automatic;
				CURRENT_PROJECT_VERSION = 1;
				DEVELOPMENT_ASSET_PATHS = "\"It'sMoreThanAScheduller/Preview Content\"";
				DEVELOPMENT_TEAM = 3868R87QJX;
				ENABLE_PREVIEWS = YES;
				GENERATE_INFOPLIST_FILE = YES;
				INFOPLIST_KEY_UIApplicationSceneManifest_Generation = YES;
				INFOPLIST_KEY_UIApplicationSupportsIndirectInputEvents = YES;
				INFOPLIST_KEY_UILaunchScreen_Generation = YES;
				INFOPLIST_KEY_UISupportedInterfaceOrientations_iPad = "UIInterfaceOrientationPortrait UIInterfaceOrientationPortraitUpsideDown UIInterfaceOrientationLandscapeLeft UIInterfaceOrientationLandscapeRight";
				INFOPLIST_KEY_UISupportedInterfaceOrientations_iPhone = "UIInterfaceOrientationPortrait UIInterfaceOrientationLandscapeLeft UIInterfaceOrientationLandscapeRight";
				LD_RUNPATH_SEARCH_PATHS = (
					"$(inherited)",
					"@executable_path/Frameworks",
				);
				MARKETING_VERSION = 1.0;
				PRODUCT_BUNDLE_IDENTIFIER = "com.romanrakhlin.It-sMoreThanAScheduller";
				PRODUCT_NAME = "$(TARGET_NAME)";
				SWIFT_EMIT_LOC_STRINGS = YES;
				SWIFT_VERSION = 5.0;
				TARGETED_DEVICE_FAMILY = "1,2";
			};
			name = Debug;
		};
		82936248274F6DC70053F66C /* Release */ = {
			isa = XCBuildConfiguration;
			buildSettings = {
				ASSETCATALOG_COMPILER_APPICON_NAME = AppIcon;
				ASSETCATALOG_COMPILER_GLOBAL_ACCENT_COLOR_NAME = AccentColor;
				CODE_SIGN_STYLE = Automatic;
				CURRENT_PROJECT_VERSION = 1;
				DEVELOPMENT_ASSET_PATHS = "\"It'sMoreThanAScheduller/Preview Content\"";
				DEVELOPMENT_TEAM = 3868R87QJX;
				ENABLE_PREVIEWS = YES;
				GENERATE_INFOPLIST_FILE = YES;
				INFOPLIST_KEY_UIApplicationSceneManifest_Generation = YES;
				INFOPLIST_KEY_UIApplicationSupportsIndirectInputEvents = YES;
				INFOPLIST_KEY_UILaunchScreen_Generation = YES;
				INFOPLIST_KEY_UISupportedInterfaceOrientations_iPad = "UIInterfaceOrientationPortrait UIInterfaceOrientationPortraitUpsideDown UIInterfaceOrientationLandscapeLeft UIInterfaceOrientationLandscapeRight";
				INFOPLIST_KEY_UISupportedInterfaceOrientations_iPhone = "UIInterfaceOrientationPortrait UIInterfaceOrientationLandscapeLeft UIInterfaceOrientationLandscapeRight";
				LD_RUNPATH_SEARCH_PATHS = (
					"$(inherited)",
					"@executable_path/Frameworks",
				);
				MARKETING_VERSION = 1.0;
				PRODUCT_BUNDLE_IDENTIFIER = "com.romanrakhlin.It-sMoreThanAScheduller";
				PRODUCT_NAME = "$(TARGET_NAME)";
				SWIFT_EMIT_LOC_STRINGS = YES;
				SWIFT_VERSION = 5.0;
				TARGETED_DEVICE_FAMILY = "1,2";
			};
			name = Release;
		};
/* End XCBuildConfiguration section */

/* Begin XCConfigurationList section */
		82936233274F6DC70053F66C /* Build configuration list for PBXProject "It'sMoreThanAScheduller" */ = {
			isa = XCConfigurationList;
			buildConfigurations = (
				82936244274F6DC70053F66C /* Debug */,
				82936245274F6DC70053F66C /* Release */,
			);
			defaultConfigurationIsVisible = 0;
			defaultConfigurationName = Release;
		};
		82936246274F6DC70053F66C /* Build configuration list for PBXNativeTarget "It'sMoreThanAScheduller" */ = {
			isa = XCConfigurationList;
			buildConfigurations = (
				82936247274F6DC70053F66C /* Debug */,
				82936248274F6DC70053F66C /* Release */,
			);
			defaultConfigurationIsVisible = 0;
			defaultConfigurationName = Release;
		};
/* End XCConfigurationList section */
	};
	rootObject = 82936230274F6DC70053F66C /* Project object */;
}
